
Microsoft Visual Studio Solution File, Format Version 12.00
# Visual Studio 15
VisualStudioVersion = 15.0.28307.1082
MinimumVisualStudioVersion = 10.0.40219.1
Project("{8BC9CEB8-8B4A-11D0-8D11-00A0C91BC942}") = "Monte Carlo", "Monte Carlo\Monte Carlo.vcxproj", "{553C25AA-A077-4C36-8C43-87789167C072}"
EndProject
Project("{8BC9CEB8-8B4A-11D0-8D11-00A0C91BC942}") = "Bean Machine", "Bean Machine\Bean Machine.vcxproj", "{743FED0C-E13C-4CC0-858F-90ACE92E5265}"
EndProject
Project("{8BC9CEB8-8B4A-11D0-8D11-00A0C91BC942}") = "Kelly Criterion", "Kelly Criterion\Kelly Criterion.vcxproj", "{51BF2C80-44F2-412A-AF45-356D6C6A2CD0}"
EndProject
Project("{8BC9CEB8-8B4A-11D0-8D11-00A0C91BC942}") = "Coin Toss Analyzer", "Coin Toss Analyzer\Coin Toss Analyzer.vcxproj", "{B9680EAE-207A-4F94-ADA3-4D77AA6A1CCC}"
EndProject
Project("{8BC9CEB8-8B4A-11D0-8D11-00A0C91BC942}") = "Coin Toss Streak", "Coin Toss Streak\Coin Toss Streak.vcxproj", "{4B014EB3-4ED3-4F94-8CB9-0F434FA2352C}"
EndProject
Project("{8BC9CEB8-8B4A-11D0-8D11-00A0C91BC942}") = "Log Normal", "Distribution\Log Normal\Log Normal.vcxproj", "{6A7E4908-64D6-41D5-8BE5-CFECCAC4A563}"
EndProject
Project("{8BC9CEB8-8B4A-11D0-8D11-00A0C91BC942}") = "Gaussian", "Distribution\Gaussian\Gaussian.vcxproj", "{78BB1271-90D3-4300-8CED-2940A6C47C54}"
EndProject
Project("{8BC9CEB8-8B4A-11D0-8D11-00A0C91BC942}") = "Levy", "Distribution\Levy\Levy.vcxproj", "{B7409960-0AB0-4AA9-8FC2-BF2C535F17C6}"
EndProject
Project("{8BC9CEB8-8B4A-11D0-8D11-00A0C91BC942}") = "Cauchy", "Distribution\Cauchy\Cauchy.vcxproj", "{18065D51-C113-4349-B387-A28C3455A817}"
EndProject
Project("{2150E333-8FDC-42A3-9474-1A3956D46DE8}") = "Distribution", "Distribution", "{0DE1D502-51D8-45FD-A2CE-F59746147643}"
EndProject
Project("{2150E333-8FDC-42A3-9474-1A3956D46DE8}") = "Denial", "Denial", "{7C45328E-5D94-440C-89EC-97A035852E3F}"
EndProject
Project("{8BC9CEB8-8B4A-11D0-8D11-00A0C91BC942}") = "Prospect Theory", "Denial\Prospect Theory\Prospect Theory.vcxproj", "{7A380E06-3548-42E9-8D28-D292B6F96CA9}"
EndProject
Project("{2150E333-8FDC-42A3-9474-1A3956D46DE8}") = "Options Pricing Model", "Options Pricing Model", "{355FDBB8-7D27-475C-AAD6-1C26C1CFF55C}"
EndProject
Project("{8BC9CEB8-8B4A-11D0-8D11-00A0C91BC942}") = "Black Scholes Merton", "Options Pricing Model\Black Scholes Merton\Black Scholes Merton.vcxproj", "{32642575-6641-47C8-8028-C3310D60DBD8}"
EndProject
Project("{8BC9CEB8-8B4A-11D0-8D11-00A0C91BC942}") = "Random Market Test", "Denial\Random Market Test\Random Market Test.vcxproj", "{113374FF-A20C-41A3-AB91-4CA6DEA35A4C}"
EndProject
Project("{8BC9CEB8-8B4A-11D0-8D11-00A0C91BC942}") = "Compound Interest", "Compound Interest\Compound Interest.vcxproj", "{8973D6DD-9725-49ED-94BC-551D1DFA9C1F}"
EndProject
Project("{2150E333-8FDC-42A3-9474-1A3956D46DE8}") = "Dynamic Hedging", "Dynamic Hedging", "{8FFD6169-E552-4C72-AAC2-60539E66D629}"
EndProject
Project("{8BC9CEB8-8B4A-11D0-8D11-00A0C91BC942}") = "Dynamic Hedging", "Options Pricing Model\Dynamic Hedging\BSM Dynamic Hedging\BSM Dynamic Hedging.vcxproj", "{D7058CB0-2DC9-4DD1-9805-4513E841F867}"
EndProject
Project("{8BC9CEB8-8B4A-11D0-8D11-00A0C91BC942}") = "Monte Carlo Option Pricing", "Options Pricing Model\Monte Carlo\Monte Carlo.vcxproj", "{6A726E1C-A1A8-44E3-A455-6EE706FB8AEE}"
EndProject
Project("{2150E333-8FDC-42A3-9474-1A3956D46DE8}") = "Tools", "Tools", "{1E6EFE2F-727A-4CDD-A8D1-7B33499131EA}"
EndProject
Project("{8BC9CEB8-8B4A-11D0-8D11-00A0C91BC942}") = "Random Number Generator", "Tools\Random Number Generator\Random Number Generator.vcxproj", "{A4DFED61-1352-484F-AE72-C149AB403073}"
EndProject
Project("{8BC9CEB8-8B4A-11D0-8D11-00A0C91BC942}") = "Binomial", "Options Pricing Model\Binomial\Binomial.vcxproj", "{E28104C9-BD8F-45D8-91EC-5F2EA3AC2C01}"
EndProject
Project("{8BC9CEB8-8B4A-11D0-8D11-00A0C91BC942}") = "Barone Adesi Whaley", "Options Pricing Model\Barone Adesi Whaley\Barone Adesi Whaley.vcxproj", "{29FE4EB3-3FDE-48A9-8506-F01F8E372A4E}"
EndProject
Global
	GlobalSection(SolutionConfigurationPlatforms) = preSolution
		Debug|Win32 = Debug|Win32
		Debug|x64 = Debug|x64
		Release|Win32 = Release|Win32
		Release|x64 = Release|x64
	EndGlobalSection
	GlobalSection(ProjectConfigurationPlatforms) = postSolution
		{553C25AA-A077-4C36-8C43-87789167C072}.Debug|Win32.ActiveCfg = Debug|Win32
		{553C25AA-A077-4C36-8C43-87789167C072}.Debug|Win32.Build.0 = Debug|Win32
		{553C25AA-A077-4C36-8C43-87789167C072}.Debug|x64.ActiveCfg = Debug|x64
		{553C25AA-A077-4C36-8C43-87789167C072}.Debug|x64.Build.0 = Debug|x64
		{553C25AA-A077-4C36-8C43-87789167C072}.Release|Win32.ActiveCfg = Release|Win32
		{553C25AA-A077-4C36-8C43-87789167C072}.Release|Win32.Build.0 = Release|Win32
		{553C25AA-A077-4C36-8C43-87789167C072}.Release|x64.ActiveCfg = Release|x64
		{553C25AA-A077-4C36-8C43-87789167C072}.Release|x64.Build.0 = Release|x64
		{743FED0C-E13C-4CC0-858F-90ACE92E5265}.Debug|Win32.ActiveCfg = Debug|Win32
		{743FED0C-E13C-4CC0-858F-90ACE92E5265}.Debug|Win32.Build.0 = Debug|Win32
		{743FED0C-E13C-4CC0-858F-90ACE92E5265}.Debug|x64.ActiveCfg = Debug|x64
		{743FED0C-E13C-4CC0-858F-90ACE92E5265}.Debug|x64.Build.0 = Debug|x64
		{743FED0C-E13C-4CC0-858F-90ACE92E5265}.Release|Win32.ActiveCfg = Release|Win32
		{743FED0C-E13C-4CC0-858F-90ACE92E5265}.Release|Win32.Build.0 = Release|Win32
		{743FED0C-E13C-4CC0-858F-90ACE92E5265}.Release|x64.ActiveCfg = Release|x64
		{743FED0C-E13C-4CC0-858F-90ACE92E5265}.Release|x64.Build.0 = Release|x64
		{51BF2C80-44F2-412A-AF45-356D6C6A2CD0}.Debug|Win32.ActiveCfg = Debug|Win32
		{51BF2C80-44F2-412A-AF45-356D6C6A2CD0}.Debug|Win32.Build.0 = Debug|Win32
		{51BF2C80-44F2-412A-AF45-356D6C6A2CD0}.Debug|x64.ActiveCfg = Debug|x64
		{51BF2C80-44F2-412A-AF45-356D6C6A2CD0}.Debug|x64.Build.0 = Debug|x64
		{51BF2C80-44F2-412A-AF45-356D6C6A2CD0}.Release|Win32.ActiveCfg = Release|Win32
		{51BF2C80-44F2-412A-AF45-356D6C6A2CD0}.Release|Win32.Build.0 = Release|Win32
		{51BF2C80-44F2-412A-AF45-356D6C6A2CD0}.Release|x64.ActiveCfg = Release|x64
		{51BF2C80-44F2-412A-AF45-356D6C6A2CD0}.Release|x64.Build.0 = Release|x64
		{B9680EAE-207A-4F94-ADA3-4D77AA6A1CCC}.Debug|Win32.ActiveCfg = Debug|Win32
		{B9680EAE-207A-4F94-ADA3-4D77AA6A1CCC}.Debug|Win32.Build.0 = Debug|Win32
		{B9680EAE-207A-4F94-ADA3-4D77AA6A1CCC}.Debug|x64.ActiveCfg = Debug|x64
		{B9680EAE-207A-4F94-ADA3-4D77AA6A1CCC}.Debug|x64.Build.0 = Debug|x64
		{B9680EAE-207A-4F94-ADA3-4D77AA6A1CCC}.Release|Win32.ActiveCfg = Release|Win32
		{B9680EAE-207A-4F94-ADA3-4D77AA6A1CCC}.Release|Win32.Build.0 = Release|Win32
		{B9680EAE-207A-4F94-ADA3-4D77AA6A1CCC}.Release|x64.ActiveCfg = Release|x64
		{B9680EAE-207A-4F94-ADA3-4D77AA6A1CCC}.Release|x64.Build.0 = Release|x64
		{4B014EB3-4ED3-4F94-8CB9-0F434FA2352C}.Debug|Win32.ActiveCfg = Debug|Win32
		{4B014EB3-4ED3-4F94-8CB9-0F434FA2352C}.Debug|Win32.Build.0 = Debug|Win32
		{4B014EB3-4ED3-4F94-8CB9-0F434FA2352C}.Debug|x64.ActiveCfg = Debug|x64
		{4B014EB3-4ED3-4F94-8CB9-0F434FA2352C}.Debug|x64.Build.0 = Debug|x64
		{4B014EB3-4ED3-4F94-8CB9-0F434FA2352C}.Release|Win32.ActiveCfg = Release|Win32
		{4B014EB3-4ED3-4F94-8CB9-0F434FA2352C}.Release|Win32.Build.0 = Release|Win32
		{4B014EB3-4ED3-4F94-8CB9-0F434FA2352C}.Release|x64.ActiveCfg = Release|x64
		{4B014EB3-4ED3-4F94-8CB9-0F434FA2352C}.Release|x64.Build.0 = Release|x64
		{6A7E4908-64D6-41D5-8BE5-CFECCAC4A563}.Debug|Win32.ActiveCfg = Debug|Win32
		{6A7E4908-64D6-41D5-8BE5-CFECCAC4A563}.Debug|Win32.Build.0 = Debug|Win32
		{6A7E4908-64D6-41D5-8BE5-CFECCAC4A563}.Debug|x64.ActiveCfg = Debug|x64
		{6A7E4908-64D6-41D5-8BE5-CFECCAC4A563}.Debug|x64.Build.0 = Debug|x64
		{6A7E4908-64D6-41D5-8BE5-CFECCAC4A563}.Release|Win32.ActiveCfg = Release|Win32
		{6A7E4908-64D6-41D5-8BE5-CFECCAC4A563}.Release|Win32.Build.0 = Release|Win32
		{6A7E4908-64D6-41D5-8BE5-CFECCAC4A563}.Release|x64.ActiveCfg = Release|x64
		{6A7E4908-64D6-41D5-8BE5-CFECCAC4A563}.Release|x64.Build.0 = Release|x64
		{78BB1271-90D3-4300-8CED-2940A6C47C54}.Debug|Win32.ActiveCfg = Debug|Win32
		{78BB1271-90D3-4300-8CED-2940A6C47C54}.Debug|Win32.Build.0 = Debug|Win32
		{78BB1271-90D3-4300-8CED-2940A6C47C54}.Debug|x64.ActiveCfg = Debug|x64
		{78BB1271-90D3-4300-8CED-2940A6C47C54}.Debug|x64.Build.0 = Debug|x64
		{78BB1271-90D3-4300-8CED-2940A6C47C54}.Release|Win32.ActiveCfg = Release|Win32
		{78BB1271-90D3-4300-8CED-2940A6C47C54}.Release|Win32.Build.0 = Release|Win32
		{78BB1271-90D3-4300-8CED-2940A6C47C54}.Release|x64.ActiveCfg = Release|x64
		{78BB1271-90D3-4300-8CED-2940A6C47C54}.Release|x64.Build.0 = Release|x64
		{B7409960-0AB0-4AA9-8FC2-BF2C535F17C6}.Debug|Win32.ActiveCfg = Debug|Win32
		{B7409960-0AB0-4AA9-8FC2-BF2C535F17C6}.Debug|Win32.Build.0 = Debug|Win32
		{B7409960-0AB0-4AA9-8FC2-BF2C535F17C6}.Debug|x64.ActiveCfg = Debug|x64
		{B7409960-0AB0-4AA9-8FC2-BF2C535F17C6}.Debug|x64.Build.0 = Debug|x64
		{B7409960-0AB0-4AA9-8FC2-BF2C535F17C6}.Release|Win32.ActiveCfg = Release|Win32
		{B7409960-0AB0-4AA9-8FC2-BF2C535F17C6}.Release|Win32.Build.0 = Release|Win32
		{B7409960-0AB0-4AA9-8FC2-BF2C535F17C6}.Release|x64.ActiveCfg = Release|x64
		{B7409960-0AB0-4AA9-8FC2-BF2C535F17C6}.Release|x64.Build.0 = Release|x64
		{18065D51-C113-4349-B387-A28C3455A817}.Debug|Win32.ActiveCfg = Debug|Win32
		{18065D51-C113-4349-B387-A28C3455A817}.Debug|Win32.Build.0 = Debug|Win32
		{18065D51-C113-4349-B387-A28C3455A817}.Debug|x64.ActiveCfg = Debug|x64
		{18065D51-C113-4349-B387-A28C3455A817}.Debug|x64.Build.0 = Debug|x64
		{18065D51-C113-4349-B387-A28C3455A817}.Release|Win32.ActiveCfg = Release|Win32
		{18065D51-C113-4349-B387-A28C3455A817}.Release|Win32.Build.0 = Release|Win32
		{18065D51-C113-4349-B387-A28C3455A817}.Release|x64.ActiveCfg = Release|x64
		{18065D51-C113-4349-B387-A28C3455A817}.Release|x64.Build.0 = Release|x64
		{7A380E06-3548-42E9-8D28-D292B6F96CA9}.Debug|Win32.ActiveCfg = Debug|Win32
		{7A380E06-3548-42E9-8D28-D292B6F96CA9}.Debug|Win32.Build.0 = Debug|Win32
		{7A380E06-3548-42E9-8D28-D292B6F96CA9}.Debug|x64.ActiveCfg = Debug|x64
		{7A380E06-3548-42E9-8D28-D292B6F96CA9}.Debug|x64.Build.0 = Debug|x64
		{7A380E06-3548-42E9-8D28-D292B6F96CA9}.Release|Win32.ActiveCfg = Release|Win32
		{7A380E06-3548-42E9-8D28-D292B6F96CA9}.Release|Win32.Build.0 = Release|Win32
		{7A380E06-3548-42E9-8D28-D292B6F96CA9}.Release|x64.ActiveCfg = Release|x64
		{7A380E06-3548-42E9-8D28-D292B6F96CA9}.Release|x64.Build.0 = Release|x64
		{32642575-6641-47C8-8028-C3310D60DBD8}.Debug|Win32.ActiveCfg = Debug|Win32
		{32642575-6641-47C8-8028-C3310D60DBD8}.Debug|Win32.Build.0 = Debug|Win32
		{32642575-6641-47C8-8028-C3310D60DBD8}.Debug|x64.ActiveCfg = Debug|x64
		{32642575-6641-47C8-8028-C3310D60DBD8}.Debug|x64.Build.0 = Debug|x64
		{32642575-6641-47C8-8028-C3310D60DBD8}.Release|Win32.ActiveCfg = Release|Win32
		{32642575-6641-47C8-8028-C3310D60DBD8}.Release|Win32.Build.0 = Release|Win32
		{32642575-6641-47C8-8028-C3310D60DBD8}.Release|x64.ActiveCfg = Release|x64
		{32642575-6641-47C8-8028-C3310D60DBD8}.Release|x64.Build.0 = Release|x64
		{113374FF-A20C-41A3-AB91-4CA6DEA35A4C}.Debug|Win32.ActiveCfg = Debug|Win32
		{113374FF-A20C-41A3-AB91-4CA6DEA35A4C}.Debug|Win32.Build.0 = Debug|Win32
		{113374FF-A20C-41A3-AB91-4CA6DEA35A4C}.Debug|x64.ActiveCfg = Debug|x64
		{113374FF-A20C-41A3-AB91-4CA6DEA35A4C}.Debug|x64.Build.0 = Debug|x64
		{113374FF-A20C-41A3-AB91-4CA6DEA35A4C}.Release|Win32.ActiveCfg = Release|Win32
		{113374FF-A20C-41A3-AB91-4CA6DEA35A4C}.Release|Win32.Build.0 = Release|Win32
		{113374FF-A20C-41A3-AB91-4CA6DEA35A4C}.Release|x64.ActiveCfg = Release|x64
		{113374FF-A20C-41A3-AB91-4CA6DEA35A4C}.Release|x64.Build.0 = Release|x64
		{8973D6DD-9725-49ED-94BC-551D1DFA9C1F}.Debug|Win32.ActiveCfg = Debug|Win32
		{8973D6DD-9725-49ED-94BC-551D1DFA9C1F}.Debug|Win32.Build.0 = Debug|Win32
		{8973D6DD-9725-49ED-94BC-551D1DFA9C1F}.Debug|x64.ActiveCfg = Debug|x64
		{8973D6DD-9725-49ED-94BC-551D1DFA9C1F}.Debug|x64.Build.0 = Debug|x64
		{8973D6DD-9725-49ED-94BC-551D1DFA9C1F}.Release|Win32.ActiveCfg = Release|Win32
		{8973D6DD-9725-49ED-94BC-551D1DFA9C1F}.Release|Win32.Build.0 = Release|Win32
		{8973D6DD-9725-49ED-94BC-551D1DFA9C1F}.Release|x64.ActiveCfg = Release|x64
		{8973D6DD-9725-49ED-94BC-551D1DFA9C1F}.Release|x64.Build.0 = Release|x64
		{D7058CB0-2DC9-4DD1-9805-4513E841F867}.Debug|Win32.ActiveCfg = Debug|Win32
		{D7058CB0-2DC9-4DD1-9805-4513E841F867}.Debug|Win32.Build.0 = Debug|Win32
		{D7058CB0-2DC9-4DD1-9805-4513E841F867}.Debug|x64.ActiveCfg = Debug|x64
		{D7058CB0-2DC9-4DD1-9805-4513E841F867}.Debug|x64.Build.0 = Debug|x64
		{D7058CB0-2DC9-4DD1-9805-4513E841F867}.Release|Win32.ActiveCfg = Release|Win32
		{D7058CB0-2DC9-4DD1-9805-4513E841F867}.Release|Win32.Build.0 = Release|Win32
		{D7058CB0-2DC9-4DD1-9805-4513E841F867}.Release|x64.ActiveCfg = Release|x64
		{D7058CB0-2DC9-4DD1-9805-4513E841F867}.Release|x64.Build.0 = Release|x64
		{6A726E1C-A1A8-44E3-A455-6EE706FB8AEE}.Debug|Win32.ActiveCfg = Debug|Win32
		{6A726E1C-A1A8-44E3-A455-6EE706FB8AEE}.Debug|Win32.Build.0 = Debug|Win32
		{6A726E1C-A1A8-44E3-A455-6EE706FB8AEE}.Debug|x64.ActiveCfg = Debug|x64
		{6A726E1C-A1A8-44E3-A455-6EE706FB8AEE}.Debug|x64.Build.0 = Debug|x64
		{6A726E1C-A1A8-44E3-A455-6EE706FB8AEE}.Release|Win32.ActiveCfg = Release|Win32
		{6A726E1C-A1A8-44E3-A455-6EE706FB8AEE}.Release|Win32.Build.0 = Release|Win32
		{6A726E1C-A1A8-44E3-A455-6EE706FB8AEE}.Release|x64.ActiveCfg = Release|x64
		{6A726E1C-A1A8-44E3-A455-6EE706FB8AEE}.Release|x64.Build.0 = Release|x64
		{A4DFED61-1352-484F-AE72-C149AB403073}.Debug|Win32.ActiveCfg = Debug|Win32
		{A4DFED61-1352-484F-AE72-C149AB403073}.Debug|Win32.Build.0 = Debug|Win32
		{A4DFED61-1352-484F-AE72-C149AB403073}.Debug|x64.ActiveCfg = Debug|x64
		{A4DFED61-1352-484F-AE72-C149AB403073}.Debug|x64.Build.0 = Debug|x64
		{A4DFED61-1352-484F-AE72-C149AB403073}.Release|Win32.ActiveCfg = Release|Win32
		{A4DFED61-1352-484F-AE72-C149AB403073}.Release|Win32.Build.0 = Release|Win32
		{A4DFED61-1352-484F-AE72-C149AB403073}.Release|x64.ActiveCfg = Release|x64
		{A4DFED61-1352-484F-AE72-C149AB403073}.Release|x64.Build.0 = Release|x64
		{E28104C9-BD8F-45D8-91EC-5F2EA3AC2C01}.Debug|Win32.ActiveCfg = Debug|Win32
		{E28104C9-BD8F-45D8-91EC-5F2EA3AC2C01}.Debug|Win32.Build.0 = Debug|Win32
		{E28104C9-BD8F-45D8-91EC-5F2EA3AC2C01}.Debug|x64.ActiveCfg = Debug|x64
		{E28104C9-BD8F-45D8-91EC-5F2EA3AC2C01}.Debug|x64.Build.0 = Debug|x64
		{E28104C9-BD8F-45D8-91EC-5F2EA3AC2C01}.Release|Win32.ActiveCfg = Release|Win32
		{E28104C9-BD8F-45D8-91EC-5F2EA3AC2C01}.Release|Win32.Build.0 = Release|Win32
		{E28104C9-BD8F-45D8-91EC-5F2EA3AC2C01}.Release|x64.ActiveCfg = Release|x64
		{E28104C9-BD8F-45D8-91EC-5F2EA3AC2C01}.Release|x64.Build.0 = Release|x64
		{29FE4EB3-3FDE-48A9-8506-F01F8E372A4E}.Debug|Win32.ActiveCfg = Debug|Win32
		{29FE4EB3-3FDE-48A9-8506-F01F8E372A4E}.Debug|Win32.Build.0 = Debug|Win32
		{29FE4EB3-3FDE-48A9-8506-F01F8E372A4E}.Debug|x64.ActiveCfg = Debug|x64
		{29FE4EB3-3FDE-48A9-8506-F01F8E372A4E}.Debug|x64.Build.0 = Debug|x64
		{29FE4EB3-3FDE-48A9-8506-F01F8E372A4E}.Release|Win32.ActiveCfg = Release|Win32
		{29FE4EB3-3FDE-48A9-8506-F01F8E372A4E}.Release|Win32.Build.0 = Release|Win32
		{29FE4EB3-3FDE-48A9-8506-F01F8E372A4E}.Release|x64.ActiveCfg = Release|x64
		{29FE4EB3-3FDE-48A9-8506-F01F8E372A4E}.Release|x64.Build.0 = Release|x64
	EndGlobalSection
	GlobalSection(SolutionProperties) = preSolution
		HideSolutionNode = FALSE
	EndGlobalSection
	GlobalSection(NestedProjects) = preSolution
		{6A7E4908-64D6-41D5-8BE5-CFECCAC4A563} = {0DE1D502-51D8-45FD-A2CE-F59746147643}
		{78BB1271-90D3-4300-8CED-2940A6C47C54} = {0DE1D502-51D8-45FD-A2CE-F59746147643}
		{B7409960-0AB0-4AA9-8FC2-BF2C535F17C6} = {0DE1D502-51D8-45FD-A2CE-F59746147643}
		{18065D51-C113-4349-B387-A28C3455A817} = {0DE1D502-51D8-45FD-A2CE-F59746147643}
		{7A380E06-3548-42E9-8D28-D292B6F96CA9} = {7C45328E-5D94-440C-89EC-97A035852E3F}
		{32642575-6641-47C8-8028-C3310D60DBD8} = {355FDBB8-7D27-475C-AAD6-1C26C1CFF55C}
		{113374FF-A20C-41A3-AB91-4CA6DEA35A4C} = {7C45328E-5D94-440C-89EC-97A035852E3F}
		{8FFD6169-E552-4C72-AAC2-60539E66D629} = {355FDBB8-7D27-475C-AAD6-1C26C1CFF55C}
		{D7058CB0-2DC9-4DD1-9805-4513E841F867} = {8FFD6169-E552-4C72-AAC2-60539E66D629}
		{6A726E1C-A1A8-44E3-A455-6EE706FB8AEE} = {355FDBB8-7D27-475C-AAD6-1C26C1CFF55C}
		{A4DFED61-1352-484F-AE72-C149AB403073} = {1E6EFE2F-727A-4CDD-A8D1-7B33499131EA}
		{E28104C9-BD8F-45D8-91EC-5F2EA3AC2C01} = {355FDBB8-7D27-475C-AAD6-1C26C1CFF55C}
		{29FE4EB3-3FDE-48A9-8506-F01F8E372A4E} = {355FDBB8-7D27-475C-AAD6-1C26C1CFF55C}
	EndGlobalSection
	GlobalSection(ExtensibilityGlobals) = postSolution
		SolutionGuid = {BAE0FED4-CF98-4F3B-8986-DD758065AD4A}
	EndGlobalSection
EndGlobal
